
Microsoft Visual Studio Solution File, Format Version 12.00
# Visual Studio Version 17
VisualStudioVersion = 17.3.32922.545
MinimumVisualStudioVersion = 10.0.40219.1
Project("{FAE04EC0-301F-11D3-BF4B-00C04F79EFBC}") = "BookStore2023", "BookStore2023.csproj", "{6C2AA299-D80C-4C46-BED1-B0D0986FDD22}"
EndProject
Project("{FAE04EC0-301F-11D3-BF4B-00C04F79EFBC}") = "BookStore2023.BL", "..\BookStore2023.BL\BookStore2023.BL.csproj", "{8F2E9F11-B30F-4591-BF9E-D4FB5400C561}"
EndProject
Project("{FAE04EC0-301F-11D3-BF4B-00C04F79EFBC}") = "BookStore2023.DL", "..\BookStore2023.DL\BookStore2023.DL.csproj", "{EA597617-75DB-4661-B277-D124C540F74D}"
EndProject
Project("{FAE04EC0-301F-11D3-BF4B-00C04F79EFBC}") = "BookStore2023.Models", "..\BookStore2023.Models\BookStore2023.Models.csproj", "{486B7490-7FA2-4974-ABB1-D33AF22CF98B}"
EndProject
Global
	GlobalSection(SolutionConfigurationPlatforms) = preSolution
		Debug|Any CPU = Debug|Any CPU
		Release|Any CPU = Release|Any CPU
	EndGlobalSection
	GlobalSection(ProjectConfigurationPlatforms) = postSolution
		{6C2AA299-D80C-4C46-BED1-B0D0986FDD22}.Debug|Any CPU.ActiveCfg = Debug|Any CPU
		{6C2AA299-D80C-4C46-BED1-B0D0986FDD22}.Debug|Any CPU.Build.0 = Debug|Any CPU
		{6C2AA299-D80C-4C46-BED1-B0D0986FDD22}.Release|Any CPU.ActiveCfg = Release|Any CPU
		{6C2AA299-D80C-4C46-BED1-B0D0986FDD22}.Release|Any CPU.Build.0 = Release|Any CPU
		{8F2E9F11-B30F-4591-BF9E-D4FB5400C561}.Debug|Any CPU.ActiveCfg = Debug|Any CPU
		{8F2E9F11-B30F-4591-BF9E-D4FB5400C561}.Debug|Any CPU.Build.0 = Debug|Any CPU
		{8F2E9F11-B30F-4591-BF9E-D4FB5400C561}.Release|Any CPU.ActiveCfg = Release|Any CPU
		{8F2E9F11-B30F-4591-BF9E-D4FB5400C561}.Release|Any CPU.Build.0 = Release|Any CPU
		{EA597617-75DB-4661-B277-D124C540F74D}.Debug|Any CPU.ActiveCfg = Debug|Any CPU
		{EA597617-75DB-4661-B277-D124C540F74D}.Debug|Any CPU.Build.0 = Debug|Any CPU
		{EA597617-75DB-4661-B277-D124C540F74D}.Release|Any CPU.ActiveCfg = Release|Any CPU
		{EA597617-75DB-4661-B277-D124C540F74D}.Release|Any CPU.Build.0 = Release|Any CPU
		{486B7490-7FA2-4974-ABB1-D33AF22CF98B}.Debug|Any CPU.ActiveCfg = Debug|Any CPU
		{486B7490-7FA2-4974-ABB1-D33AF22CF98B}.Debug|Any CPU.Build.0 = Debug|Any CPU
		{486B7490-7FA2-4974-ABB1-D33AF22CF98B}.Release|Any CPU.ActiveCfg = Release|Any CPU
		{486B7490-7FA2-4974-ABB1-D33AF22CF98B}.Release|Any CPU.Build.0 = Release|Any CPU
	EndGlobalSection
	GlobalSection(SolutionProperties) = preSolution
		HideSolutionNode = FALSE
	EndGlobalSection
	GlobalSection(ExtensibilityGlobals) = postSolution
		SolutionGuid = {5A7E6D9C-7F02-4B50-83C7-0ECA975EE000}
	EndGlobalSection
EndGlobal
